
Microsoft Visual Studio Solution File, Format Version 12.00
# Visual Studio Version 17
VisualStudioVersion = 17.5.002.0
MinimumVisualStudioVersion = 10.0.40219.1
Project("{9A19103F-16F7-4668-BE54-9A1E7A4F7556}") = "projeto-abstraindo-celular", "projeto-abstraindo-celular.csproj", "{767D4E3A-AD0C-47E1-AE2F-3008DA38EB05}"
EndProject
Global
	GlobalSection(SolutionConfigurationPlatforms) = preSolution
		Debug|Any CPU = Debug|Any CPU
		Release|Any CPU = Release|Any CPU
	EndGlobalSection
	GlobalSection(ProjectConfigurationPlatforms) = postSolution
		{767D4E3A-AD0C-47E1-AE2F-3008DA38EB05}.Debug|Any CPU.ActiveCfg = Debug|Any CPU
		{767D4E3A-AD0C-47E1-AE2F-3008DA38EB05}.Debug|Any CPU.Build.0 = Debug|Any CPU
		{767D4E3A-AD0C-47E1-AE2F-3008DA38EB05}.Release|Any CPU.ActiveCfg = Release|Any CPU
		{767D4E3A-AD0C-47E1-AE2F-3008DA38EB05}.Release|Any CPU.Build.0 = Release|Any CPU
	EndGlobalSection
	GlobalSection(SolutionProperties) = preSolution
		HideSolutionNode = FALSE
	EndGlobalSection
	GlobalSection(ExtensibilityGlobals) = postSolution
		SolutionGuid = {2FE04AEF-95C0-46B3-A3D8-FE74887054FA}
	EndGlobalSection
EndGlobal
